
Microsoft Visual Studio Solution File, Format Version 12.00
# Visual Studio Version 17
VisualStudioVersion = 17.8.34316.72
MinimumVisualStudioVersion = 10.0.40219.1
Project("{9A19103F-16F7-4668-BE54-9A1E7A4F7556}") = "Logging", "src\core\logging\Logging.csproj", "{BAF9462E-B46B-4B2A-A93A-2B4852547834}"
EndProject
Project("{9A19103F-16F7-4668-BE54-9A1E7A4F7556}") = "Random", "src\core\random\Random.csproj", "{77B065EE-D31D-4496-A97B-88A0F202BE9D}"
EndProject
Project("{9A19103F-16F7-4668-BE54-9A1E7A4F7556}") = "MergeDlls", "src\merge_dlls\MergeDlls.csproj", "{5CE0E272-B67E-445B-BEBB-17DC60B8DDDD}"
EndProject
Project("{2150E333-8FDC-42A3-9474-1A3956D46DE8}") = "Solution Items", "Solution Items", "{A84FD014-00C7-40F8-B229-529072D2FBA7}"
	ProjectSection(SolutionItems) = preProject
		Directory.Build.props = Directory.Build.props
		tests.runsettings = tests.runsettings
	EndProjectSection
EndProject
Project("{9A19103F-16F7-4668-BE54-9A1E7A4F7556}") = "Logging.Tests", "tests\core\logging_tests\Logging.Tests.csproj", "{289887FA-C24C-4A3C-AB92-452F0717C17B}"
EndProject
Project("{9A19103F-16F7-4668-BE54-9A1E7A4F7556}") = "Random.Tests", "tests\core\random_tests\Random.Tests.csproj", "{F2293C06-ED93-455D-878A-A45B9E2F0CDB}"
EndProject
Global
	GlobalSection(SolutionConfigurationPlatforms) = preSolution
		Debug|Any CPU = Debug|Any CPU
		Release|Any CPU = Release|Any CPU
	EndGlobalSection
	GlobalSection(ProjectConfigurationPlatforms) = postSolution
		{BAF9462E-B46B-4B2A-A93A-2B4852547834}.Debug|Any CPU.ActiveCfg = Debug|Any CPU
		{BAF9462E-B46B-4B2A-A93A-2B4852547834}.Debug|Any CPU.Build.0 = Debug|Any CPU
		{BAF9462E-B46B-4B2A-A93A-2B4852547834}.Release|Any CPU.ActiveCfg = Release|Any CPU
		{BAF9462E-B46B-4B2A-A93A-2B4852547834}.Release|Any CPU.Build.0 = Release|Any CPU
		{77B065EE-D31D-4496-A97B-88A0F202BE9D}.Debug|Any CPU.ActiveCfg = Debug|Any CPU
		{77B065EE-D31D-4496-A97B-88A0F202BE9D}.Debug|Any CPU.Build.0 = Debug|Any CPU
		{77B065EE-D31D-4496-A97B-88A0F202BE9D}.Release|Any CPU.ActiveCfg = Release|Any CPU
		{77B065EE-D31D-4496-A97B-88A0F202BE9D}.Release|Any CPU.Build.0 = Release|Any CPU
		{5CE0E272-B67E-445B-BEBB-17DC60B8DDDD}.Debug|Any CPU.ActiveCfg = Debug|Any CPU
		{5CE0E272-B67E-445B-BEBB-17DC60B8DDDD}.Debug|Any CPU.Build.0 = Debug|Any CPU
		{5CE0E272-B67E-445B-BEBB-17DC60B8DDDD}.Release|Any CPU.ActiveCfg = Release|Any CPU
		{5CE0E272-B67E-445B-BEBB-17DC60B8DDDD}.Release|Any CPU.Build.0 = Release|Any CPU
		{289887FA-C24C-4A3C-AB92-452F0717C17B}.Debug|Any CPU.ActiveCfg = Debug|Any CPU
		{289887FA-C24C-4A3C-AB92-452F0717C17B}.Debug|Any CPU.Build.0 = Debug|Any CPU
		{289887FA-C24C-4A3C-AB92-452F0717C17B}.Release|Any CPU.ActiveCfg = Release|Any CPU
		{289887FA-C24C-4A3C-AB92-452F0717C17B}.Release|Any CPU.Build.0 = Release|Any CPU
		{F2293C06-ED93-455D-878A-A45B9E2F0CDB}.Debug|Any CPU.ActiveCfg = Debug|Any CPU
		{F2293C06-ED93-455D-878A-A45B9E2F0CDB}.Debug|Any CPU.Build.0 = Debug|Any CPU
		{F2293C06-ED93-455D-878A-A45B9E2F0CDB}.Release|Any CPU.ActiveCfg = Release|Any CPU
		{F2293C06-ED93-455D-878A-A45B9E2F0CDB}.Release|Any CPU.Build.0 = Release|Any CPU
	EndGlobalSection
	GlobalSection(SolutionProperties) = preSolution
		HideSolutionNode = FALSE
	EndGlobalSection
	GlobalSection(ExtensibilityGlobals) = postSolution
		SolutionGuid = {61878523-7B78-42C2-A5B2-E9564D374E18}
	EndGlobalSection
EndGlobal
