
Microsoft Visual Studio Solution File, Format Version 12.00
# Visual Studio Version 17
VisualStudioVersion = 17.8.34316.72
MinimumVisualStudioVersion = 10.0.40219.1
Project("{9A19103F-16F7-4668-BE54-9A1E7A4F7556}") = "Logging", "src\core\logging\Logging.csproj", "{BAF9462E-B46B-4B2A-A93A-2B4852547834}"
EndProject
Project("{9A19103F-16F7-4668-BE54-9A1E7A4F7556}") = "Random", "src\core\random\Random.csproj", "{77B065EE-D31D-4496-A97B-88A0F202BE9D}"
	ProjectSection(ProjectDependencies) = postProject
		{8368E472-6857-45DC-A44C-CD32B5D3D546} = {8368E472-6857-45DC-A44C-CD32B5D3D546}
	EndProjectSection
EndProject
Project("{2150E333-8FDC-42A3-9474-1A3956D46DE8}") = "Solution Items", "Solution Items", "{A84FD014-00C7-40F8-B229-529072D2FBA7}"
	ProjectSection(SolutionItems) = preProject
		Directory.Build.props = Directory.Build.props
		tests.runsettings = tests.runsettings
	EndProjectSection
EndProject
Project("{9A19103F-16F7-4668-BE54-9A1E7A4F7556}") = "Extensions", "src\core\extensions\Extensions.csproj", "{8368E472-6857-45DC-A44C-CD32B5D3D546}"
EndProject
Project("{9A19103F-16F7-4668-BE54-9A1E7A4F7556}") = "MathUtils", "src\Core\MathUtils\MathUtils.csproj", "{680BF5E1-E282-4B1B-A1D8-28F6A9CAE58B}"
EndProject
Project("{9A19103F-16F7-4668-BE54-9A1E7A4F7556}") = "MergeDlls", "src\MergeDlls\MergeDlls.csproj", "{3AAEAE1F-3192-4119-AAE3-C648D5A4CE2B}"
	ProjectSection(ProjectDependencies) = postProject
		{680BF5E1-E282-4B1B-A1D8-28F6A9CAE58B} = {680BF5E1-E282-4B1B-A1D8-28F6A9CAE58B}
		{77B065EE-D31D-4496-A97B-88A0F202BE9D} = {77B065EE-D31D-4496-A97B-88A0F202BE9D}
		{7CDF49B5-0FEA-4E11-9659-781FA69320B6} = {7CDF49B5-0FEA-4E11-9659-781FA69320B6}
		{7FA0F26F-4054-4988-8B97-A82040AB373B} = {7FA0F26F-4054-4988-8B97-A82040AB373B}
		{8368E472-6857-45DC-A44C-CD32B5D3D546} = {8368E472-6857-45DC-A44C-CD32B5D3D546}
		{BAF9462E-B46B-4B2A-A93A-2B4852547834} = {BAF9462E-B46B-4B2A-A93A-2B4852547834}
		{C05D1A73-FA83-46B0-877F-AF817ADF0D92} = {C05D1A73-FA83-46B0-877F-AF817ADF0D92}
		{FD520B10-DEE3-406E-A2D2-D41E2FFA0DD3} = {FD520B10-DEE3-406E-A2D2-D41E2FFA0DD3}
	EndProjectSection
EndProject
Project("{9A19103F-16F7-4668-BE54-9A1E7A4F7556}") = "Extensions.Tests", "tests\Extensions.Tests\Extensions.Tests.csproj", "{C05D1A73-FA83-46B0-877F-AF817ADF0D92}"
EndProject
Project("{9A19103F-16F7-4668-BE54-9A1E7A4F7556}") = "Logging.Tests", "tests\Logging.Tests\Logging.Tests.csproj", "{FD520B10-DEE3-406E-A2D2-D41E2FFA0DD3}"
EndProject
Project("{9A19103F-16F7-4668-BE54-9A1E7A4F7556}") = "MathUtils.Tests", "tests\MathUtils.Tests\MathUtils.Tests.csproj", "{7FA0F26F-4054-4988-8B97-A82040AB373B}"
EndProject
Project("{9A19103F-16F7-4668-BE54-9A1E7A4F7556}") = "Random.Tests", "tests\Random.Tests\Random.Tests.csproj", "{7CDF49B5-0FEA-4E11-9659-781FA69320B6}"
EndProject
Project("{9A19103F-16F7-4668-BE54-9A1E7A4F7556}") = "Collections", "src\Core\Collections\Collections.csproj", "{69C495F9-FC9F-4134-8C37-21243B6FEA78}"
EndProject
Project("{9A19103F-16F7-4668-BE54-9A1E7A4F7556}") = "Collections.Tests", "tests\Collections.Tests\Collections.Tests.csproj", "{23BA49FB-F83F-4519-963F-58A69599C3FB}"
EndProject
Global
	GlobalSection(SolutionConfigurationPlatforms) = preSolution
		Debug|Any CPU = Debug|Any CPU
		Release|Any CPU = Release|Any CPU
	EndGlobalSection
	GlobalSection(ProjectConfigurationPlatforms) = postSolution
		{BAF9462E-B46B-4B2A-A93A-2B4852547834}.Debug|Any CPU.ActiveCfg = Debug|Any CPU
		{BAF9462E-B46B-4B2A-A93A-2B4852547834}.Debug|Any CPU.Build.0 = Debug|Any CPU
		{BAF9462E-B46B-4B2A-A93A-2B4852547834}.Release|Any CPU.ActiveCfg = Release|Any CPU
		{BAF9462E-B46B-4B2A-A93A-2B4852547834}.Release|Any CPU.Build.0 = Release|Any CPU
		{77B065EE-D31D-4496-A97B-88A0F202BE9D}.Debug|Any CPU.ActiveCfg = Debug|Any CPU
		{77B065EE-D31D-4496-A97B-88A0F202BE9D}.Debug|Any CPU.Build.0 = Debug|Any CPU
		{77B065EE-D31D-4496-A97B-88A0F202BE9D}.Release|Any CPU.ActiveCfg = Release|Any CPU
		{77B065EE-D31D-4496-A97B-88A0F202BE9D}.Release|Any CPU.Build.0 = Release|Any CPU
		{8368E472-6857-45DC-A44C-CD32B5D3D546}.Debug|Any CPU.ActiveCfg = Debug|Any CPU
		{8368E472-6857-45DC-A44C-CD32B5D3D546}.Debug|Any CPU.Build.0 = Debug|Any CPU
		{8368E472-6857-45DC-A44C-CD32B5D3D546}.Release|Any CPU.ActiveCfg = Release|Any CPU
		{8368E472-6857-45DC-A44C-CD32B5D3D546}.Release|Any CPU.Build.0 = Release|Any CPU
		{680BF5E1-E282-4B1B-A1D8-28F6A9CAE58B}.Debug|Any CPU.ActiveCfg = Debug|Any CPU
		{680BF5E1-E282-4B1B-A1D8-28F6A9CAE58B}.Debug|Any CPU.Build.0 = Debug|Any CPU
		{680BF5E1-E282-4B1B-A1D8-28F6A9CAE58B}.Release|Any CPU.ActiveCfg = Release|Any CPU
		{680BF5E1-E282-4B1B-A1D8-28F6A9CAE58B}.Release|Any CPU.Build.0 = Release|Any CPU
		{3AAEAE1F-3192-4119-AAE3-C648D5A4CE2B}.Debug|Any CPU.ActiveCfg = Debug|Any CPU
		{3AAEAE1F-3192-4119-AAE3-C648D5A4CE2B}.Debug|Any CPU.Build.0 = Debug|Any CPU
		{3AAEAE1F-3192-4119-AAE3-C648D5A4CE2B}.Release|Any CPU.ActiveCfg = Release|Any CPU
		{3AAEAE1F-3192-4119-AAE3-C648D5A4CE2B}.Release|Any CPU.Build.0 = Release|Any CPU
		{C05D1A73-FA83-46B0-877F-AF817ADF0D92}.Debug|Any CPU.ActiveCfg = Debug|Any CPU
		{C05D1A73-FA83-46B0-877F-AF817ADF0D92}.Debug|Any CPU.Build.0 = Debug|Any CPU
		{C05D1A73-FA83-46B0-877F-AF817ADF0D92}.Release|Any CPU.ActiveCfg = Release|Any CPU
		{C05D1A73-FA83-46B0-877F-AF817ADF0D92}.Release|Any CPU.Build.0 = Release|Any CPU
		{FD520B10-DEE3-406E-A2D2-D41E2FFA0DD3}.Debug|Any CPU.ActiveCfg = Debug|Any CPU
		{FD520B10-DEE3-406E-A2D2-D41E2FFA0DD3}.Debug|Any CPU.Build.0 = Debug|Any CPU
		{FD520B10-DEE3-406E-A2D2-D41E2FFA0DD3}.Release|Any CPU.ActiveCfg = Release|Any CPU
		{FD520B10-DEE3-406E-A2D2-D41E2FFA0DD3}.Release|Any CPU.Build.0 = Release|Any CPU
		{7FA0F26F-4054-4988-8B97-A82040AB373B}.Debug|Any CPU.ActiveCfg = Debug|Any CPU
		{7FA0F26F-4054-4988-8B97-A82040AB373B}.Debug|Any CPU.Build.0 = Debug|Any CPU
		{7FA0F26F-4054-4988-8B97-A82040AB373B}.Release|Any CPU.ActiveCfg = Release|Any CPU
		{7FA0F26F-4054-4988-8B97-A82040AB373B}.Release|Any CPU.Build.0 = Release|Any CPU
		{7CDF49B5-0FEA-4E11-9659-781FA69320B6}.Debug|Any CPU.ActiveCfg = Debug|Any CPU
		{7CDF49B5-0FEA-4E11-9659-781FA69320B6}.Debug|Any CPU.Build.0 = Debug|Any CPU
		{7CDF49B5-0FEA-4E11-9659-781FA69320B6}.Release|Any CPU.ActiveCfg = Release|Any CPU
		{7CDF49B5-0FEA-4E11-9659-781FA69320B6}.Release|Any CPU.Build.0 = Release|Any CPU
		{69C495F9-FC9F-4134-8C37-21243B6FEA78}.Debug|Any CPU.ActiveCfg = Debug|Any CPU
		{69C495F9-FC9F-4134-8C37-21243B6FEA78}.Debug|Any CPU.Build.0 = Debug|Any CPU
		{69C495F9-FC9F-4134-8C37-21243B6FEA78}.Release|Any CPU.ActiveCfg = Release|Any CPU
		{69C495F9-FC9F-4134-8C37-21243B6FEA78}.Release|Any CPU.Build.0 = Release|Any CPU
		{23BA49FB-F83F-4519-963F-58A69599C3FB}.Debug|Any CPU.ActiveCfg = Debug|Any CPU
		{23BA49FB-F83F-4519-963F-58A69599C3FB}.Debug|Any CPU.Build.0 = Debug|Any CPU
		{23BA49FB-F83F-4519-963F-58A69599C3FB}.Release|Any CPU.ActiveCfg = Release|Any CPU
		{23BA49FB-F83F-4519-963F-58A69599C3FB}.Release|Any CPU.Build.0 = Release|Any CPU
	EndGlobalSection
	GlobalSection(SolutionProperties) = preSolution
		HideSolutionNode = FALSE
	EndGlobalSection
	GlobalSection(ExtensibilityGlobals) = postSolution
		SolutionGuid = {61878523-7B78-42C2-A5B2-E9564D374E18}
	EndGlobalSection
EndGlobal
